
Microsoft Visual Studio Solution File, Format Version 12.00
# Visual Studio 14
VisualStudioVersion = 14.0.23107.0
MinimumVisualStudioVersion = 10.0.40219.1
Project("{FAE04EC0-301F-11D3-BF4B-00C04F79EFBC}") = "SeoUrlSausage", "SeoUrlSausage\SeoUrlSausage.csproj", "{0954E4CC-A24A-44A6-8000-6CFB49032F5F}"
EndProject
Project("{FAE04EC0-301F-11D3-BF4B-00C04F79EFBC}") = "SeoUrlSausage.Tests", "SeoUrlSausage.Tests\SeoUrlSausage.Tests.csproj", "{28E46E04-E2EE-4D37-82BB-DA92A411E0B5}"
EndProject
Global
	GlobalSection(SolutionConfigurationPlatforms) = preSolution
		Debug|Any CPU = Debug|Any CPU
		Release|Any CPU = Release|Any CPU
	EndGlobalSection
	GlobalSection(ProjectConfigurationPlatforms) = postSolution
		{0954E4CC-A24A-44A6-8000-6CFB49032F5F}.Debug|Any CPU.ActiveCfg = Debug|Any CPU
		{0954E4CC-A24A-44A6-8000-6CFB49032F5F}.Debug|Any CPU.Build.0 = Debug|Any CPU
		{0954E4CC-A24A-44A6-8000-6CFB49032F5F}.Release|Any CPU.ActiveCfg = Release|Any CPU
		{0954E4CC-A24A-44A6-8000-6CFB49032F5F}.Release|Any CPU.Build.0 = Release|Any CPU
		{28E46E04-E2EE-4D37-82BB-DA92A411E0B5}.Debug|Any CPU.ActiveCfg = Debug|Any CPU
		{28E46E04-E2EE-4D37-82BB-DA92A411E0B5}.Debug|Any CPU.Build.0 = Debug|Any CPU
		{28E46E04-E2EE-4D37-82BB-DA92A411E0B5}.Release|Any CPU.ActiveCfg = Release|Any CPU
		{28E46E04-E2EE-4D37-82BB-DA92A411E0B5}.Release|Any CPU.Build.0 = Release|Any CPU
	EndGlobalSection
	GlobalSection(SolutionProperties) = preSolution
		HideSolutionNode = FALSE
	EndGlobalSection
EndGlobal
